// !$*UTF8*$!
{
	archiveVersion = 1;
	classes = {
	};
	objectVersion = 46;
	objects = {

/* Begin PBXBuildFile section */
		70E8E7BE1D9BC712000005FE /* main.m in Sources */ = {isa = PBXBuildFile; fileRef = 70E8E7BD1D9BC712000005FE /* main.m */; };
		70E8E7C11D9BC712000005FE /* AppDelegate.m in Sources */ = {isa = PBXBuildFile; fileRef = 70E8E7C01D9BC712000005FE /* AppDelegate.m */; };
		70E8E7C41D9BC712000005FE /* ViewController.m in Sources */ = {isa = PBXBuildFile; fileRef = 70E8E7C31D9BC712000005FE /* ViewController.m */; };
		70E8E7C71D9BC712000005FE /* Main.storyboard in Resources */ = {isa = PBXBuildFile; fileRef = 70E8E7C51D9BC712000005FE /* Main.storyboard */; };
		70E8E7C91D9BC712000005FE /* Assets.xcassets in Resources */ = {isa = PBXBuildFile; fileRef = 70E8E7C81D9BC712000005FE /* Assets.xcassets */; };
		70E8E7CC1D9BC712000005FE /* LaunchScreen.storyboard in Resources */ = {isa = PBXBuildFile; fileRef = 70E8E7CA1D9BC712000005FE /* LaunchScreen.storyboard */; };
		70E8E7D71D9BC712000005FE /* Elastic_RefreshTests.m in Sources */ = {isa = PBXBuildFile; fileRef = 70E8E7D61D9BC712000005FE /* Elastic_RefreshTests.m */; };
		70E8E7E21D9BC712000005FE /* Elastic_RefreshUITests.m in Sources */ = {isa = PBXBuildFile; fileRef = 70E8E7E11D9BC712000005FE /* Elastic_RefreshUITests.m */; };
		70E8E7F31D9CB302000005FE /* UIView+PresentationLayer.m in Sources */ = {isa = PBXBuildFile; fileRef = 70E8E7F21D9CB302000005FE /* UIView+PresentationLayer.m */; };
/* End PBXBuildFile section */

/* Begin PBXContainerItemProxy section */
		70E8E7D31D9BC712000005FE /* PBXContainerItemProxy */ = {
			isa = PBXContainerItemProxy;
			containerPortal = 70E8E7B11D9BC712000005FE /* Project object */;
			proxyType = 1;
			remoteGlobalIDString = 70E8E7B81D9BC712000005FE;
			remoteInfo = Elastic_Refresh;
		};
		70E8E7DE1D9BC712000005FE /* PBXContainerItemProxy */ = {
			isa = PBXContainerItemProxy;
			containerPortal = 70E8E7B11D9BC712000005FE /* Project object */;
			proxyType = 1;
			remoteGlobalIDString = 70E8E7B81D9BC712000005FE;
			remoteInfo = Elastic_Refresh;
		};
/* End PBXContainerItemProxy section */

/* Begin PBXFileReference section */
		70E8E7B91D9BC712000005FE /* Elastic_Refresh.app */ = {isa = PBXFileReference; explicitFileType = wrapper.application; includeInIndex = 0; path = Elastic_Refresh.app; sourceTree = BUILT_PRODUCTS_DIR; };
		70E8E7BD1D9BC712000005FE /* main.m */ = {isa = PBXFileReference; lastKnownFileType = sourcecode.c.objc; path = main.m; sourceTree = "<group>"; };
		70E8E7BF1D9BC712000005FE /* AppDelegate.h */ = {isa = PBXFileReference; lastKnownFileType = sourcecode.c.h; path = AppDelegate.h; sourceTree = "<group>"; };
		70E8E7C01D9BC712000005FE /* AppDelegate.m */ = {isa = PBXFileReference; lastKnownFileType = sourcecode.c.objc; path = AppDelegate.m; sourceTree = "<group>"; };
		70E8E7C21D9BC712000005FE /* ViewController.h */ = {isa = PBXFileReference; lastKnownFileType = sourcecode.c.h; path = ViewController.h; sourceTree = "<group>"; };
		70E8E7C31D9BC712000005FE /* ViewController.m */ = {isa = PBXFileReference; lastKnownFileType = sourcecode.c.objc; path = ViewController.m; sourceTree = "<group>"; };
		70E8E7C61D9BC712000005FE /* Base */ = {isa = PBXFileReference; lastKnownFileType = file.storyboard; name = Base; path = Base.lproj/Main.storyboard; sourceTree = "<group>"; };
		70E8E7C81D9BC712000005FE /* Assets.xcassets */ = {isa = PBXFileReference; lastKnownFileType = folder.assetcatalog; path = Assets.xcassets; sourceTree = "<group>"; };
		70E8E7CB1D9BC712000005FE /* Base */ = {isa = PBXFileReference; lastKnownFileType = file.storyboard; name = Base; path = Base.lproj/LaunchScreen.storyboard; sourceTree = "<group>"; };
		70E8E7CD1D9BC712000005FE /* Info.plist */ = {isa = PBXFileReference; lastKnownFileType = text.plist.xml; path = Info.plist; sourceTree = "<group>"; };
		70E8E7D21D9BC712000005FE /* Elastic_RefreshTests.xctest */ = {isa = PBXFileReference; explicitFileType = wrapper.cfbundle; includeInIndex = 0; path = Elastic_RefreshTests.xctest; sourceTree = BUILT_PRODUCTS_DIR; };
		70E8E7D61D9BC712000005FE /* Elastic_RefreshTests.m */ = {isa = PBXFileReference; lastKnownFileType = sourcecode.c.objc; path = Elastic_RefreshTests.m; sourceTree = "<group>"; };
		70E8E7D81D9BC712000005FE /* Info.plist */ = {isa = PBXFileReference; lastKnownFileType = text.plist.xml; path = Info.plist; sourceTree = "<group>"; };
		70E8E7DD1D9BC712000005FE /* Elastic_RefreshUITests.xctest */ = {isa = PBXFileReference; explicitFileType = wrapper.cfbundle; includeInIndex = 0; path = Elastic_RefreshUITests.xctest; sourceTree = BUILT_PRODUCTS_DIR; };
		70E8E7E11D9BC712000005FE /* Elastic_RefreshUITests.m */ = {isa = PBXFileReference; lastKnownFileType = sourcecode.c.objc; path = Elastic_RefreshUITests.m; sourceTree = "<group>"; };
		70E8E7E31D9BC712000005FE /* Info.plist */ = {isa = PBXFileReference; lastKnownFileType = text.plist.xml; path = Info.plist; sourceTree = "<group>"; };
		70E8E7F11D9CB302000005FE /* UIView+PresentationLayer.h */ = {isa = PBXFileReference; fileEncoding = 4; lastKnownFileType = sourcecode.c.h; path = "UIView+PresentationLayer.h"; sourceTree = "<group>"; };
		70E8E7F21D9CB302000005FE /* UIView+PresentationLayer.m */ = {isa = PBXFileReference; fileEncoding = 4; lastKnownFileType = sourcecode.c.objc; path = "UIView+PresentationLayer.m"; sourceTree = "<group>"; };
/* End PBXFileReference section */

/* Begin PBXFrameworksBuildPhase section */
		70E8E7B61D9BC712000005FE /* Frameworks */ = {
			isa = PBXFrameworksBuildPhase;
			buildActionMask = 2147483647;
			files = (
			);
			runOnlyForDeploymentPostprocessing = 0;
		};
		70E8E7CF1D9BC712000005FE /* Frameworks */ = {
			isa = PBXFrameworksBuildPhase;
			buildActionMask = 2147483647;
			files = (
			);
			runOnlyForDeploymentPostprocessing = 0;
		};
		70E8E7DA1D9BC712000005FE /* Frameworks */ = {
			isa = PBXFrameworksBuildPhase;
			buildActionMask = 2147483647;
			files = (
			);
			runOnlyForDeploymentPostprocessing = 0;
		};
/* End PBXFrameworksBuildPhase section */

/* Begin PBXGroup section */
		70E8E7B01D9BC712000005FE = {
			isa = PBXGroup;
			children = (
				70E8E7BB1D9BC712000005FE /* Elastic_Refresh */,
				70E8E7D51D9BC712000005FE /* Elastic_RefreshTests */,
				70E8E7E01D9BC712000005FE /* Elastic_RefreshUITests */,
				70E8E7BA1D9BC712000005FE /* Products */,
			);
			sourceTree = "<group>";
		};
		70E8E7BA1D9BC712000005FE /* Products */ = {
			isa = PBXGroup;
			children = (
				70E8E7B91D9BC712000005FE /* Elastic_Refresh.app */,
				70E8E7D21D9BC712000005FE /* Elastic_RefreshTests.xctest */,
				70E8E7DD1D9BC712000005FE /* Elastic_RefreshUITests.xctest */,
			);
			name = Products;
			sourceTree = "<group>";
		};
		70E8E7BB1D9BC712000005FE /* Elastic_Refresh */ = {
			isa = PBXGroup;
			children = (
				70E8E7BF1D9BC712000005FE /* AppDelegate.h */,
				70E8E7C01D9BC712000005FE /* AppDelegate.m */,
				70E8E7C21D9BC712000005FE /* ViewController.h */,
				70E8E7C31D9BC712000005FE /* ViewController.m */,
				70E8E7F11D9CB302000005FE /* UIView+PresentationLayer.h */,
				70E8E7F21D9CB302000005FE /* UIView+PresentationLayer.m */,
				70E8E7C51D9BC712000005FE /* Main.storyboard */,
				70E8E7C81D9BC712000005FE /* Assets.xcassets */,
				70E8E7CA1D9BC712000005FE /* LaunchScreen.storyboard */,
				70E8E7CD1D9BC712000005FE /* Info.plist */,
				70E8E7BC1D9BC712000005FE /* Supporting Files */,
			);
			path = Elastic_Refresh;
			sourceTree = "<group>";
		};
		70E8E7BC1D9BC712000005FE /* Supporting Files */ = {
			isa = PBXGroup;
			children = (
				70E8E7BD1D9BC712000005FE /* main.m */,
			);
			name = "Supporting Files";
			sourceTree = "<group>";
		};
		70E8E7D51D9BC712000005FE /* Elastic_RefreshTests */ = {
			isa = PBXGroup;
			children = (
				70E8E7D61D9BC712000005FE /* Elastic_RefreshTests.m */,
				70E8E7D81D9BC712000005FE /* Info.plist */,
			);
			path = Elastic_RefreshTests;
			sourceTree = "<group>";
		};
		70E8E7E01D9BC712000005FE /* Elastic_RefreshUITests */ = {
			isa = PBXGroup;
			children = (
				70E8E7E11D9BC712000005FE /* Elastic_RefreshUITests.m */,
				70E8E7E31D9BC712000005FE /* Info.plist */,
			);
			path = Elastic_RefreshUITests;
			sourceTree = "<group>";
		};
/* End PBXGroup section */

/* Begin PBXNativeTarget section */
		70E8E7B81D9BC712000005FE /* Elastic_Refresh */ = {
			isa = PBXNativeTarget;
			buildConfigurationList = 70E8E7E61D9BC712000005FE /* Build configuration list for PBXNativeTarget "Elastic_Refresh" */;
			buildPhases = (
				70E8E7B51D9BC712000005FE /* Sources */,
				70E8E7B61D9BC712000005FE /* Frameworks */,
				70E8E7B71D9BC712000005FE /* Resources */,
			);
			buildRules = (
			);
			dependencies = (
			);
			name = Elastic_Refresh;
			productName = Elastic_Refresh;
			productReference = 70E8E7B91D9BC712000005FE /* Elastic_Refresh.app */;
			productType = "com.apple.product-type.application";
		};
		70E8E7D11D9BC712000005FE /* Elastic_RefreshTests */ = {
			isa = PBXNativeTarget;
			buildConfigurationList = 70E8E7E91D9BC712000005FE /* Build configuration list for PBXNativeTarget "Elastic_RefreshTests" */;
			buildPhases = (
				70E8E7CE1D9BC712000005FE /* Sources */,
				70E8E7CF1D9BC712000005FE /* Frameworks */,
				70E8E7D01D9BC712000005FE /* Resources */,
			);
			buildRules = (
			);
			dependencies = (
				70E8E7D41D9BC712000005FE /* PBXTargetDependency */,
			);
			name = Elastic_RefreshTests;
			productName = Elastic_RefreshTests;
			productReference = 70E8E7D21D9BC712000005FE /* Elastic_RefreshTests.xctest */;
			productType = "com.apple.product-type.bundle.unit-test";
		};
		70E8E7DC1D9BC712000005FE /* Elastic_RefreshUITests */ = {
			isa = PBXNativeTarget;
			buildConfigurationList = 70E8E7EC1D9BC712000005FE /* Build configuration list for PBXNativeTarget "Elastic_RefreshUITests" */;
			buildPhases = (
				70E8E7D91D9BC712000005FE /* Sources */,
				70E8E7DA1D9BC712000005FE /* Frameworks */,
				70E8E7DB1D9BC712000005FE /* Resources */,
			);
			buildRules = (
			);
			dependencies = (
				70E8E7DF1D9BC712000005FE /* PBXTargetDependency */,
			);
			name = Elastic_RefreshUITests;
			productName = Elastic_RefreshUITests;
			productReference = 70E8E7DD1D9BC712000005FE /* Elastic_RefreshUITests.xctest */;
			productType = "com.apple.product-type.bundle.ui-testing";
		};
/* End PBXNativeTarget section */

/* Begin PBXProject section */
		70E8E7B11D9BC712000005FE /* Project object */ = {
			isa = PBXProject;
			attributes = {
				LastUpgradeCheck = 0730;
				ORGANIZATIONNAME = jiaxiang;
				TargetAttributes = {
					70E8E7B81D9BC712000005FE = {
						CreatedOnToolsVersion = 7.3.1;
						DevelopmentTeam = 5V9N6LR458;
					};
					70E8E7D11D9BC712000005FE = {
						CreatedOnToolsVersion = 7.3.1;
						TestTargetID = 70E8E7B81D9BC712000005FE;
					};
					70E8E7DC1D9BC712000005FE = {
						CreatedOnToolsVersion = 7.3.1;
						TestTargetID = 70E8E7B81D9BC712000005FE;
					};
				};
			};
			buildConfigurationList = 70E8E7B41D9BC712000005FE /* Build configuration list for PBXProject "Elastic_Refresh" */;
			compatibilityVersion = "Xcode 3.2";
			developmentRegion = English;
			hasScannedForEncodings = 0;
			knownRegions = (
				en,
				Base,
			);
			mainGroup = 70E8E7B01D9BC712000005FE;
			productRefGroup = 70E8E7BA1D9BC712000005FE /* Products */;
			projectDirPath = "";
			projectRoot = "";
			targets = (
				70E8E7B81D9BC712000005FE /* Elastic_Refresh */,
				70E8E7D11D9BC712000005FE /* Elastic_RefreshTests */,
				70E8E7DC1D9BC712000005FE /* Elastic_RefreshUITests */,
			);
		};
/* End PBXProject section */

/* Begin PBXResourcesBuildPhase section */
		70E8E7B71D9BC712000005FE /* Resources */ = {
			isa = PBXResourcesBuildPhase;
			buildActionMask = 2147483647;
			files = (
				70E8E7CC1D9BC712000005FE /* LaunchScreen.storyboard in Resources */,
				70E8E7C91D9BC712000005FE /* Assets.xcassets in Resources */,
				70E8E7C71D9BC712000005FE /* Main.storyboard in Resources */,
			);
			runOnlyForDeploymentPostprocessing = 0;
		};
		70E8E7D01D9BC712000005FE /* Resources */ = {
			isa = PBXResourcesBuildPhase;
			buildActionMask = 2147483647;
			files = (
			);
			runOnlyForDeploymentPostprocessing = 0;
		};
		70E8E7DB1D9BC712000005FE /* Resources */ = {
			isa = PBXResourcesBuildPhase;
			buildActionMask = 2147483647;
			files = (
			);
			runOnlyForDeploymentPostprocessing = 0;
		};
/* End PBXResourcesBuildPhase section */

/* Begin PBXSourcesBuildPhase section */
		70E8E7B51D9BC712000005FE /* Sources */ = {
			isa = PBXSourcesBuildPhase;
			buildActionMask = 2147483647;
			files = (
				70E8E7C41D9BC712000005FE /* ViewController.m in Sources */,
				70E8E7C11D9BC712000005FE /* AppDelegate.m in Sources */,
				70E8E7F31D9CB302000005FE /* UIView+PresentationLayer.m in Sources */,
				70E8E7BE1D9BC712000005FE /* main.m in Sources */,
			);
			runOnlyForDeploymentPostprocessing = 0;
		};
		70E8E7CE1D9BC712000005FE /* Sources */ = {
			isa = PBXSourcesBuildPhase;
			buildActionMask = 2147483647;
			files = (
				70E8E7D71D9BC712000005FE /* Elastic_RefreshTests.m in Sources */,
			);
			runOnlyForDeploymentPostprocessing = 0;
		};
		70E8E7D91D9BC712000005FE /* Sources */ = {
			isa = PBXSourcesBuildPhase;
			buildActionMask = 2147483647;
			files = (
				70E8E7E21D9BC712000005FE /* Elastic_RefreshUITests.m in Sources */,
			);
			runOnlyForDeploymentPostprocessing = 0;
		};
/* End PBXSourcesBuildPhase section */

/* Begin PBXTargetDependency section */
		70E8E7D41D9BC712000005FE /* PBXTargetDependency */ = {
			isa = PBXTargetDependency;
			target = 70E8E7B81D9BC712000005FE /* Elastic_Refresh */;
			targetProxy = 70E8E7D31D9BC712000005FE /* PBXContainerItemProxy */;
		};
		70E8E7DF1D9BC712000005FE /* PBXTargetDependency */ = {
			isa = PBXTargetDependency;
			target = 70E8E7B81D9BC712000005FE /* Elastic_Refresh */;
			targetProxy = 70E8E7DE1D9BC712000005FE /* PBXContainerItemProxy */;
		};
/* End PBXTargetDependency section */

/* Begin PBXVariantGroup section */
		70E8E7C51D9BC712000005FE /* Main.storyboard */ = {
			isa = PBXVariantGroup;
			children = (
				70E8E7C61D9BC712000005FE /* Base */,
			);
			name = Main.storyboard;
			sourceTree = "<group>";
		};
		70E8E7CA1D9BC712000005FE /* LaunchScreen.storyboard */ = {
			isa = PBXVariantGroup;
			children = (
				70E8E7CB1D9BC712000005FE /* Base */,
			);
			name = LaunchScreen.storyboard;
			sourceTree = "<group>";
		};
/* End PBXVariantGroup section */

/* Begin XCBuildConfiguration section */
		70E8E7E41D9BC712000005FE /* Debug */ = {
			isa = XCBuildConfiguration;
			buildSettings = {
				ALWAYS_SEARCH_USER_PATHS = NO;
				CLANG_ANALYZER_NONNULL = YES;
				CLANG_CXX_LANGUAGE_STANDARD = "gnu++0x";
				CLANG_CXX_LIBRARY = "libc++";
				CLANG_ENABLE_MODULES = YES;
				CLANG_ENABLE_OBJC_ARC = YES;
				CLANG_WARN_BOOL_CONVERSION = YES;
				CLANG_WARN_CONSTANT_CONVERSION = YES;
				CLANG_WARN_DIRECT_OBJC_ISA_USAGE = YES_ERROR;
				CLANG_WARN_EMPTY_BODY = YES;
				CLANG_WARN_ENUM_CONVERSION = YES;
				CLANG_WARN_INT_CONVERSION = YES;
				CLANG_WARN_OBJC_ROOT_CLASS = YES_ERROR;
				CLANG_WARN_UNREACHABLE_CODE = YES;
				CLANG_WARN__DUPLICATE_METHOD_MATCH = YES;
				"CODE_SIGN_IDENTITY[sdk=iphoneos*]" = "iPhone Developer";
				COPY_PHASE_STRIP = NO;
				DEBUG_INFORMATION_FORMAT = dwarf;
				ENABLE_STRICT_OBJC_MSGSEND = YES;
				ENABLE_TESTABILITY = YES;
				GCC_C_LANGUAGE_STANDARD = gnu99;
				GCC_DYNAMIC_NO_PIC = NO;
				GCC_NO_COMMON_BLOCKS = YES;
				GCC_OPTIMIZATION_LEVEL = 0;
				GCC_PREPROCESSOR_DEFINITIONS = (
					"DEBUG=1",
					"$(inherited)",
				);
				GCC_WARN_64_TO_32_BIT_CONVERSION = YES;
				GCC_WARN_ABOUT_RETURN_TYPE = YES_ERROR;
				GCC_WARN_UNDECLARED_SELECTOR = YES;
				GCC_WARN_UNINITIALIZED_AUTOS = YES_AGGRESSIVE;
				GCC_WARN_UNUSED_FUNCTION = YES;
				GCC_WARN_UNUSED_VARIABLE = YES;
				IPHONEOS_DEPLOYMENT_TARGET = 9.3;
				MTL_ENABLE_DEBUG_INFO = YES;
				ONLY_ACTIVE_ARCH = YES;
				SDKROOT = iphoneos;
			};
			name = Debug;
		};
		70E8E7E51D9BC712000005FE /* Release */ = {
			isa = XCBuildConfiguration;
			buildSettings = {
				ALWAYS_SEARCH_USER_PATHS = NO;
				CLANG_ANALYZER_NONNULL = YES;
				CLANG_CXX_LANGUAGE_STANDARD = "gnu++0x";
				CLANG_CXX_LIBRARY = "libc++";
				CLANG_ENABLE_MODULES = YES;
				CLANG_ENABLE_OBJC_ARC = YES;
				CLANG_WARN_BOOL_CONVERSION = YES;
				CLANG_WARN_CONSTANT_CONVERSION = YES;
				CLANG_WARN_DIRECT_OBJC_ISA_USAGE = YES_ERROR;
				CLANG_WARN_EMPTY_BODY = YES;
				CLANG_WARN_ENUM_CONVERSION = YES;
				CLANG_WARN_INT_CONVERSION = YES;
				CLANG_WARN_OBJC_ROOT_CLASS = YES_ERROR;
				CLANG_WARN_UNREACHABLE_CODE = YES;
				CLANG_WARN__DUPLICATE_METHOD_MATCH = YES;
				"CODE_SIGN_IDENTITY[sdk=iphoneos*]" = "iPhone Developer";
				COPY_PHASE_STRIP = NO;
				DEBUG_INFORMATION_FORMAT = "dwarf-with-dsym";
				ENABLE_NS_ASSERTIONS = NO;
				ENABLE_STRICT_OBJC_MSGSEND = YES;
				GCC_C_LANGUAGE_STANDARD = gnu99;
				GCC_NO_COMMON_BLOCKS = YES;
				GCC_WARN_64_TO_32_BIT_CONVERSION = YES;
				GCC_WARN_ABOUT_RETURN_TYPE = YES_ERROR;
				GCC_WARN_UNDECLARED_SELECTOR = YES;
				GCC_WARN_UNINITIALIZED_AUTOS = YES_AGGRESSIVE;
				GCC_WARN_UNUSED_FUNCTION = YES;
				GCC_WARN_UNUSED_VARIABLE = YES;
				IPHONEOS_DEPLOYMENT_TARGET = 9.3;
				MTL_ENABLE_DEBUG_INFO = NO;
				SDKROOT = iphoneos;
				VALIDATE_PRODUCT = YES;
			};
			name = Release;
		};
		70E8E7E71D9BC712000005FE /* Debug */ = {
			isa = XCBuildConfiguration;
			buildSettings = {
				ASSETCATALOG_COMPILER_APPICON_NAME = AppIcon;
				DEVELOPMENT_TEAM = 5V9N6LR458;
				INFOPLIST_FILE = Elastic_Refresh/Info.plist;
				LD_RUNPATH_SEARCH_PATHS = "$(inherited) @executable_path/Frameworks";
				PRODUCT_BUNDLE_IDENTIFIER = "jiaxiang.Elastic-Refresh";
				PRODUCT_NAME = "$(TARGET_NAME)";
			};
			name = Debug;
		};
		70E8E7E81D9BC712000005FE /* Release */ = {
			isa = XCBuildConfiguration;
			buildSettings = {
				ASSETCATALOG_COMPILER_APPICON_NAME = AppIcon;
				DEVELOPMENT_TEAM = 5V9N6LR458;
				INFOPLIST_FILE = Elastic_Refresh/Info.plist;
				LD_RUNPATH_SEARCH_PATHS = "$(inherited) @executable_path/Frameworks";
				PRODUCT_BUNDLE_IDENTIFIER = "jiaxiang.Elastic-Refresh";
				PRODUCT_NAME = "$(TARGET_NAME)";
			};
			name = Release;
		};
		70E8E7EA1D9BC712000005FE /* Debug */ = {
			isa = XCBuildConfiguration;
			buildSettings = {
				BUNDLE_LOADER = "$(TEST_HOST)";
				INFOPLIST_FILE = Elastic_RefreshTests/Info.plist;
				LD_RUNPATH_SEARCH_PATHS = "$(inherited) @executable_path/Frameworks @loader_path/Frameworks";
				PRODUCT_BUNDLE_IDENTIFIER = "jiaxiang.Elastic-RefreshTests";
				PRODUCT_NAME = "$(TARGET_NAME)";
				TEST_HOST = "$(BUILT_PRODUCTS_DIR)/Elastic_Refresh.app/Elastic_Refresh";
			};
			name = Debug;
		};
		70E8E7EB1D9BC712000005FE /* Release */ = {
			isa = XCBuildConfiguration;
			buildSettings = {
				BUNDLE_LOADER = "$(TEST_HOST)";
				INFOPLIST_FILE = Elastic_RefreshTests/Info.plist;
				LD_RUNPATH_SEARCH_PATHS = "$(inherited) @executable_path/Frameworks @loader_path/Frameworks";
				PRODUCT_BUNDLE_IDENTIFIER = "jiaxiang.Elastic-RefreshTests";
				PRODUCT_NAME = "$(TARGET_NAME)";
				TEST_HOST = "$(BUILT_PRODUCTS_DIR)/Elastic_Refresh.app/Elastic_Refresh";
			};
			name = Release;
		};
		70E8E7ED1D9BC712000005FE /* Debug */ = {
			isa = XCBuildConfiguration;
			buildSettings = {
				INFOPLIST_FILE = Elastic_RefreshUITests/Info.plist;
				LD_RUNPATH_SEARCH_PATHS = "$(inherited) @executable_path/Frameworks @loader_path/Frameworks";
				PRODUCT_BUNDLE_IDENTIFIER = "jiaxiang.Elastic-RefreshUITests";
				PRODUCT_NAME = "$(TARGET_NAME)";
				TEST_TARGET_NAME = Elastic_Refresh;
			};
			name = Debug;
		};
		70E8E7EE1D9BC712000005FE /* Release */ = {
			isa = XCBuildConfiguration;
			buildSettings = {
				INFOPLIST_FILE = Elastic_RefreshUITests/Info.plist;
				LD_RUNPATH_SEARCH_PATHS = "$(inherited) @executable_path/Frameworks @loader_path/Frameworks";
				PRODUCT_BUNDLE_IDENTIFIER = "jiaxiang.Elastic-RefreshUITests";
				PRODUCT_NAME = "$(TARGET_NAME)";
				TEST_TARGET_NAME = Elastic_Refresh;
			};
			name = Release;
		};
/* End XCBuildConfiguration section */

/* Begin XCConfigurationList section */
		70E8E7B41D9BC712000005FE /* Build configuration list for PBXProject "Elastic_Refresh" */ = {
			isa = XCConfigurationList;
			buildConfigurations = (
				70E8E7E41D9BC712000005FE /* Debug */,
				70E8E7E51D9BC712000005FE /* Release */,
			);
			defaultConfigurationIsVisible = 0;
			defaultConfigurationName = Release;
		};
		70E8E7E61D9BC712000005FE /* Build configuration list for PBXNativeTarget "Elastic_Refresh" */ = {
			isa = XCConfigurationList;
			buildConfigurations = (
				70E8E7E71D9BC712000005FE /* Debug */,
				70E8E7E81D9BC712000005FE /* Release */,
			);
			defaultConfigurationIsVisible = 0;
			defaultConfigurationName = Release;
		};
		70E8E7E91D9BC712000005FE /* Build configuration list for PBXNativeTarget "Elastic_RefreshTests" */ = {
			isa = XCConfigurationList;
			buildConfigurations = (
				70E8E7EA1D9BC712000005FE /* Debug */,
				70E8E7EB1D9BC712000005FE /* Release */,
			);
			defaultConfigurationIsVisible = 0;
			defaultConfigurationName = Release;
		};
		70E8E7EC1D9BC712000005FE /* Build configuration list for PBXNativeTarget "Elastic_RefreshUITests" */ = {
			isa = XCConfigurationList;
			buildConfigurations = (
				70E8E7ED1D9BC712000005FE /* Debug */,
				70E8E7EE1D9BC712000005FE /* Release */,
			);
			defaultConfigurationIsVisible = 0;
			defaultConfigurationName = Release;
		};
/* End XCConfigurationList section */
	};
	rootObject = 70E8E7B11D9BC712000005FE /* Project object */;
}
